
Microsoft Visual Studio Solution File, Format Version 12.00
# Visual Studio 14
VisualStudioVersion = 14.0.22823.1
MinimumVisualStudioVersion = 10.0.40219.1
Project("{FAE04EC0-301F-11D3-BF4B-00C04F79EFBC}") = "Poker", "Poker\Poker.csproj", "{D3E5811C-CA34-4448-B45B-087982E1DE62}"
	ProjectSection(ProjectDependencies) = postProject
		{BB889822-53B9-429E-8FFF-CE51589B9339} = {BB889822-53B9-429E-8FFF-CE51589B9339}
		{1F28BC29-2BCE-48AD-A80D-5C6ACE99989B} = {1F28BC29-2BCE-48AD-A80D-5C6ACE99989B}
		{11CCDAD3-143B-4AFC-83D4-4CB3AC37CF6F} = {11CCDAD3-143B-4AFC-83D4-4CB3AC37CF6F}
		{BCA610D8-36F6-4573-83D8-753D643038C1} = {BCA610D8-36F6-4573-83D8-753D643038C1}
	EndProjectSection
EndProject
Project("{2150E333-8FDC-42A3-9474-1A3956D46DE8}") = "Solution Items", "Solution Items", "{D74CA6CE-AD3F-44CC-B3BE-F036E3966F28}"
	ProjectSection(SolutionItems) = preProject
		Performance1.psess = Performance1.psess
		Performance2.psess = Performance2.psess
	EndProjectSection
EndProject
Project("{2150E333-8FDC-42A3-9474-1A3956D46DE8}") = ".nuget", ".nuget", "{524F0013-BFC1-4C05-8078-702834D9C010}"
	ProjectSection(SolutionItems) = preProject
		.nuget\NuGet.Config = .nuget\NuGet.Config
		.nuget\NuGet.exe = .nuget\NuGet.exe
		.nuget\NuGet.targets = .nuget\NuGet.targets
	EndProjectSection
EndProject
Project("{FAE04EC0-301F-11D3-BF4B-00C04F79EFBC}") = "PokerUnitTest", "UnitTestProject1\PokerUnitTest.csproj", "{79421FEE-BAB0-4A31-8BEB-422A5384CF89}"
EndProject
Project("{FAE04EC0-301F-11D3-BF4B-00C04F79EFBC}") = "Poker.Nhib", "Poker.Nhib\Poker.Nhib.csproj", "{BB889822-53B9-429E-8FFF-CE51589B9339}"
	ProjectSection(ProjectDependencies) = postProject
		{1F28BC29-2BCE-48AD-A80D-5C6ACE99989B} = {1F28BC29-2BCE-48AD-A80D-5C6ACE99989B}
		{BCA610D8-36F6-4573-83D8-753D643038C1} = {BCA610D8-36F6-4573-83D8-753D643038C1}
	EndProjectSection
EndProject
Project("{FAE04EC0-301F-11D3-BF4B-00C04F79EFBC}") = "Poker.Nhib.DataAnnotations", "Poker.Nhib.DataAnnotations\Poker.Nhib.DataAnnotations.csproj", "{BCA610D8-36F6-4573-83D8-753D643038C1}"
EndProject
Project("{FAE04EC0-301F-11D3-BF4B-00C04F79EFBC}") = "Poker.Utils", "Poker.Utils\Poker.Utils.csproj", "{1F28BC29-2BCE-48AD-A80D-5C6ACE99989B}"
EndProject
Project("{FAE04EC0-301F-11D3-BF4B-00C04F79EFBC}") = "Poker.DbModels", "Poker.DbModels\Poker.DbModels.csproj", "{11CCDAD3-143B-4AFC-83D4-4CB3AC37CF6F}"
EndProject
Global
	GlobalSection(Performance) = preSolution
		HasPerformanceSessions = true
	EndGlobalSection
	GlobalSection(SolutionConfigurationPlatforms) = preSolution
		Debug|Any CPU = Debug|Any CPU
		Release|Any CPU = Release|Any CPU
	EndGlobalSection
	GlobalSection(ProjectConfigurationPlatforms) = postSolution
		{D3E5811C-CA34-4448-B45B-087982E1DE62}.Debug|Any CPU.ActiveCfg = Debug|Any CPU
		{D3E5811C-CA34-4448-B45B-087982E1DE62}.Debug|Any CPU.Build.0 = Debug|Any CPU
		{D3E5811C-CA34-4448-B45B-087982E1DE62}.Release|Any CPU.ActiveCfg = Release|Any CPU
		{D3E5811C-CA34-4448-B45B-087982E1DE62}.Release|Any CPU.Build.0 = Release|Any CPU
		{79421FEE-BAB0-4A31-8BEB-422A5384CF89}.Debug|Any CPU.ActiveCfg = Debug|Any CPU
		{79421FEE-BAB0-4A31-8BEB-422A5384CF89}.Debug|Any CPU.Build.0 = Debug|Any CPU
		{79421FEE-BAB0-4A31-8BEB-422A5384CF89}.Release|Any CPU.ActiveCfg = Release|Any CPU
		{79421FEE-BAB0-4A31-8BEB-422A5384CF89}.Release|Any CPU.Build.0 = Release|Any CPU
		{BB889822-53B9-429E-8FFF-CE51589B9339}.Debug|Any CPU.ActiveCfg = Debug|Any CPU
		{BB889822-53B9-429E-8FFF-CE51589B9339}.Debug|Any CPU.Build.0 = Debug|Any CPU
		{BB889822-53B9-429E-8FFF-CE51589B9339}.Release|Any CPU.ActiveCfg = Release|Any CPU
		{BB889822-53B9-429E-8FFF-CE51589B9339}.Release|Any CPU.Build.0 = Release|Any CPU
		{BCA610D8-36F6-4573-83D8-753D643038C1}.Debug|Any CPU.ActiveCfg = Debug|Any CPU
		{BCA610D8-36F6-4573-83D8-753D643038C1}.Debug|Any CPU.Build.0 = Debug|Any CPU
		{BCA610D8-36F6-4573-83D8-753D643038C1}.Release|Any CPU.ActiveCfg = Release|Any CPU
		{BCA610D8-36F6-4573-83D8-753D643038C1}.Release|Any CPU.Build.0 = Release|Any CPU
		{1F28BC29-2BCE-48AD-A80D-5C6ACE99989B}.Debug|Any CPU.ActiveCfg = Debug|Any CPU
		{1F28BC29-2BCE-48AD-A80D-5C6ACE99989B}.Debug|Any CPU.Build.0 = Debug|Any CPU
		{1F28BC29-2BCE-48AD-A80D-5C6ACE99989B}.Release|Any CPU.ActiveCfg = Release|Any CPU
		{1F28BC29-2BCE-48AD-A80D-5C6ACE99989B}.Release|Any CPU.Build.0 = Release|Any CPU
		{11CCDAD3-143B-4AFC-83D4-4CB3AC37CF6F}.Debug|Any CPU.ActiveCfg = Debug|Any CPU
		{11CCDAD3-143B-4AFC-83D4-4CB3AC37CF6F}.Debug|Any CPU.Build.0 = Debug|Any CPU
		{11CCDAD3-143B-4AFC-83D4-4CB3AC37CF6F}.Release|Any CPU.ActiveCfg = Release|Any CPU
		{11CCDAD3-143B-4AFC-83D4-4CB3AC37CF6F}.Release|Any CPU.Build.0 = Release|Any CPU
	EndGlobalSection
	GlobalSection(SolutionProperties) = preSolution
		HideSolutionNode = FALSE
	EndGlobalSection
EndGlobal
